
Microsoft Visual Studio Solution File, Format Version 12.00
# Visual Studio Version 17
VisualStudioVersion = 17.2.32630.192
MinimumVisualStudioVersion = 10.0.40219.1
Project("{FAE04EC0-301F-11D3-BF4B-00C04F79EFBC}") = "ElevatorChallenge", "ElevatorChallenge\ElevatorChallenge.csproj", "{B45B94B6-5236-4219-9FAE-1785AB6EEA8D}"
EndProject
Global
	GlobalSection(SolutionConfigurationPlatforms) = preSolution
		Debug|Any CPU = Debug|Any CPU
		Release|Any CPU = Release|Any CPU
	EndGlobalSection
	GlobalSection(ProjectConfigurationPlatforms) = postSolution
		{B45B94B6-5236-4219-9FAE-1785AB6EEA8D}.Debug|Any CPU.ActiveCfg = Debug|Any CPU
		{B45B94B6-5236-4219-9FAE-1785AB6EEA8D}.Debug|Any CPU.Build.0 = Debug|Any CPU
		{B45B94B6-5236-4219-9FAE-1785AB6EEA8D}.Release|Any CPU.ActiveCfg = Release|Any CPU
		{B45B94B6-5236-4219-9FAE-1785AB6EEA8D}.Release|Any CPU.Build.0 = Release|Any CPU
	EndGlobalSection
	GlobalSection(SolutionProperties) = preSolution
		HideSolutionNode = FALSE
	EndGlobalSection
	GlobalSection(ExtensibilityGlobals) = postSolution
		SolutionGuid = {29541300-6A32-471D-9BF8-A6FB2A617AAA}
	EndGlobalSection
EndGlobal
